
Microsoft Visual Studio Solution File, Format Version 12.00
# Visual Studio Version 17
VisualStudioVersion = 17.13.35931.197 d17.13
MinimumVisualStudioVersion = 10.0.40219.1
Project("{FAE04EC0-301F-11D3-BF4B-00C04F79EFBC}") = "WebApiTransfer", "WebApiTransfer\WebApiTransfer.csproj", "{A51A144E-CF73-4BBA-93C5-3F5E4A565E8D}"
EndProject
Project("{FAE04EC0-301F-11D3-BF4B-00C04F79EFBC}") = "Domain", "Domain\Domain.csproj", "{AC44F69C-EE6E-4042-93A9-31E2ED2D56DC}"
EndProject
Project("{FAE04EC0-301F-11D3-BF4B-00C04F79EFBC}") = "Core", "Core\Core.csproj", "{62EE41A7-446C-45FE-B73C-DECC0DC6100A}"
EndProject
Global
	GlobalSection(SolutionConfigurationPlatforms) = preSolution
		Debug|Any CPU = Debug|Any CPU
		Release|Any CPU = Release|Any CPU
	EndGlobalSection
	GlobalSection(ProjectConfigurationPlatforms) = postSolution
		{A51A144E-CF73-4BBA-93C5-3F5E4A565E8D}.Debug|Any CPU.ActiveCfg = Debug|Any CPU
		{A51A144E-CF73-4BBA-93C5-3F5E4A565E8D}.Debug|Any CPU.Build.0 = Debug|Any CPU
		{A51A144E-CF73-4BBA-93C5-3F5E4A565E8D}.Release|Any CPU.ActiveCfg = Release|Any CPU
		{A51A144E-CF73-4BBA-93C5-3F5E4A565E8D}.Release|Any CPU.Build.0 = Release|Any CPU
		{AC44F69C-EE6E-4042-93A9-31E2ED2D56DC}.Debug|Any CPU.ActiveCfg = Debug|Any CPU
		{AC44F69C-EE6E-4042-93A9-31E2ED2D56DC}.Debug|Any CPU.Build.0 = Debug|Any CPU
		{AC44F69C-EE6E-4042-93A9-31E2ED2D56DC}.Release|Any CPU.ActiveCfg = Release|Any CPU
		{AC44F69C-EE6E-4042-93A9-31E2ED2D56DC}.Release|Any CPU.Build.0 = Release|Any CPU
		{62EE41A7-446C-45FE-B73C-DECC0DC6100A}.Debug|Any CPU.ActiveCfg = Debug|Any CPU
		{62EE41A7-446C-45FE-B73C-DECC0DC6100A}.Debug|Any CPU.Build.0 = Debug|Any CPU
		{62EE41A7-446C-45FE-B73C-DECC0DC6100A}.Release|Any CPU.ActiveCfg = Release|Any CPU
		{62EE41A7-446C-45FE-B73C-DECC0DC6100A}.Release|Any CPU.Build.0 = Release|Any CPU
	EndGlobalSection
	GlobalSection(SolutionProperties) = preSolution
		HideSolutionNode = FALSE
	EndGlobalSection
	GlobalSection(ExtensibilityGlobals) = postSolution
		SolutionGuid = {AD236C36-AEDD-498D-8818-75C8B007998E}
	EndGlobalSection
EndGlobal
